
Microsoft Visual Studio Solution File, Format Version 12.00
# Visual Studio Version 17
VisualStudioVersion = 17.2.32616.157
MinimumVisualStudioVersion = 10.0.40219.1
Project("{FAE04EC0-301F-11D3-BF4B-00C04F79EFBC}") = "AppCustoViagem.Android", "AppCustoViagem\AppCustoViagem.Android\AppCustoViagem.Android.csproj", "{60BC116A-93CF-4BF5-BCE6-85DEA7B1ED8E}"
EndProject
Project("{FAE04EC0-301F-11D3-BF4B-00C04F79EFBC}") = "AppCustoViagem", "AppCustoViagem\AppCustoViagem\AppCustoViagem.csproj", "{CC559A83-3F5D-42EA-8459-3D81D49D9D4F}"
EndProject
Global
	GlobalSection(SolutionConfigurationPlatforms) = preSolution
		Debug|Any CPU = Debug|Any CPU
		Release|Any CPU = Release|Any CPU
	EndGlobalSection
	GlobalSection(ProjectConfigurationPlatforms) = postSolution
		{60BC116A-93CF-4BF5-BCE6-85DEA7B1ED8E}.Debug|Any CPU.ActiveCfg = Debug|Any CPU
		{60BC116A-93CF-4BF5-BCE6-85DEA7B1ED8E}.Debug|Any CPU.Build.0 = Debug|Any CPU
		{60BC116A-93CF-4BF5-BCE6-85DEA7B1ED8E}.Debug|Any CPU.Deploy.0 = Debug|Any CPU
		{60BC116A-93CF-4BF5-BCE6-85DEA7B1ED8E}.Release|Any CPU.ActiveCfg = Release|Any CPU
		{60BC116A-93CF-4BF5-BCE6-85DEA7B1ED8E}.Release|Any CPU.Build.0 = Release|Any CPU
		{60BC116A-93CF-4BF5-BCE6-85DEA7B1ED8E}.Release|Any CPU.Deploy.0 = Release|Any CPU
		{CC559A83-3F5D-42EA-8459-3D81D49D9D4F}.Debug|Any CPU.ActiveCfg = Debug|Any CPU
		{CC559A83-3F5D-42EA-8459-3D81D49D9D4F}.Debug|Any CPU.Build.0 = Debug|Any CPU
		{CC559A83-3F5D-42EA-8459-3D81D49D9D4F}.Debug|Any CPU.Deploy.0 = Debug|Any CPU
		{CC559A83-3F5D-42EA-8459-3D81D49D9D4F}.Release|Any CPU.ActiveCfg = Release|Any CPU
		{CC559A83-3F5D-42EA-8459-3D81D49D9D4F}.Release|Any CPU.Build.0 = Release|Any CPU
		{CC559A83-3F5D-42EA-8459-3D81D49D9D4F}.Release|Any CPU.Deploy.0 = Release|Any CPU
	EndGlobalSection
	GlobalSection(SolutionProperties) = preSolution
		HideSolutionNode = FALSE
	EndGlobalSection
	GlobalSection(ExtensibilityGlobals) = postSolution
		SolutionGuid = {D0BBE7B5-2E5A-4766-A019-1A3CF78ECBAD}
	EndGlobalSection
EndGlobal
